Microsoft Visual Studio Solution File, Format Version 12.00
# Visual Studio Version 16
VisualStudioVersion = 16.0.0.0
MinimumVisualStudioVersion = 16.0.0.0
Project("{9A19103F-16F7-4668-BE54-9A1E7A4F7556}") = "ProgrammezAzureSecurity.Server", "Server\ProgrammezAzureSecurity.Server.csproj", "{FA21E78E-9217-44BD-89EA-F50A02D4C3C7}"
EndProject
Project("{9A19103F-16F7-4668-BE54-9A1E7A4F7556}") = "ProgrammezAzureSecurity.Client", "Client\ProgrammezAzureSecurity.Client.csproj", "{EFAE2B09-DB9C-43AC-9A88-B3B064BCCA6B}"
EndProject
Project("{9A19103F-16F7-4668-BE54-9A1E7A4F7556}") = "ProgrammezAzureSecurity.Shared", "Shared\ProgrammezAzureSecurity.Shared.csproj", "{875F3E97-3583-4124-9DA2-5A9D6D981679}"
EndProject
Global
	GlobalSection(SolutionConfigurationPlatforms) = preSolution
		Debug|Any CPU = Debug|Any CPU
		Debug|x64 = Debug|x64
		Debug|x86 = Debug|x86
		Release|Any CPU = Release|Any CPU
		Release|x64 = Release|x64
		Release|x86 = Release|x86
	EndGlobalSection
	GlobalSection(ProjectConfigurationPlatforms) = postSolution
		{EFAE2B09-DB9C-43AC-9A88-B3B064BCCA6B}.Debug|Any CPU.ActiveCfg = Debug|Any CPU
		{EFAE2B09-DB9C-43AC-9A88-B3B064BCCA6B}.Debug|Any CPU.Build.0 = Debug|Any CPU
		{EFAE2B09-DB9C-43AC-9A88-B3B064BCCA6B}.Debug|x64.ActiveCfg = Debug|Any CPU
		{EFAE2B09-DB9C-43AC-9A88-B3B064BCCA6B}.Debug|x64.Build.0 = Debug|Any CPU
		{EFAE2B09-DB9C-43AC-9A88-B3B064BCCA6B}.Debug|x86.ActiveCfg = Debug|Any CPU
		{EFAE2B09-DB9C-43AC-9A88-B3B064BCCA6B}.Debug|x86.Build.0 = Debug|Any CPU
		{EFAE2B09-DB9C-43AC-9A88-B3B064BCCA6B}.Release|Any CPU.ActiveCfg = Release|Any CPU
		{EFAE2B09-DB9C-43AC-9A88-B3B064BCCA6B}.Release|Any CPU.Build.0 = Release|Any CPU
		{EFAE2B09-DB9C-43AC-9A88-B3B064BCCA6B}.Release|x64.ActiveCfg = Release|Any CPU
		{EFAE2B09-DB9C-43AC-9A88-B3B064BCCA6B}.Release|x64.Build.0 = Release|Any CPU
		{EFAE2B09-DB9C-43AC-9A88-B3B064BCCA6B}.Release|x86.ActiveCfg = Release|Any CPU
		{EFAE2B09-DB9C-43AC-9A88-B3B064BCCA6B}.Release|x86.Build.0 = Release|Any CPU
		{FA21E78E-9217-44BD-89EA-F50A02D4C3C7}.Debug|Any CPU.ActiveCfg = Debug|Any CPU
		{FA21E78E-9217-44BD-89EA-F50A02D4C3C7}.Debug|Any CPU.Build.0 = Debug|Any CPU
		{FA21E78E-9217-44BD-89EA-F50A02D4C3C7}.Debug|x64.ActiveCfg = Debug|Any CPU
		{FA21E78E-9217-44BD-89EA-F50A02D4C3C7}.Debug|x64.Build.0 = Debug|Any CPU
		{FA21E78E-9217-44BD-89EA-F50A02D4C3C7}.Debug|x86.ActiveCfg = Debug|Any CPU
		{FA21E78E-9217-44BD-89EA-F50A02D4C3C7}.Debug|x86.Build.0 = Debug|Any CPU
		{FA21E78E-9217-44BD-89EA-F50A02D4C3C7}.Release|Any CPU.ActiveCfg = Release|Any CPU
		{FA21E78E-9217-44BD-89EA-F50A02D4C3C7}.Release|Any CPU.Build.0 = Release|Any CPU
		{FA21E78E-9217-44BD-89EA-F50A02D4C3C7}.Release|x64.ActiveCfg = Release|Any CPU
		{FA21E78E-9217-44BD-89EA-F50A02D4C3C7}.Release|x64.Build.0 = Release|Any CPU
		{FA21E78E-9217-44BD-89EA-F50A02D4C3C7}.Release|x86.ActiveCfg = Release|Any CPU
		{FA21E78E-9217-44BD-89EA-F50A02D4C3C7}.Release|x86.Build.0 = Release|Any CPU
		{875F3E97-3583-4124-9DA2-5A9D6D981679}.Debug|Any CPU.ActiveCfg = Debug|Any CPU
		{875F3E97-3583-4124-9DA2-5A9D6D981679}.Debug|Any CPU.Build.0 = Debug|Any CPU
		{875F3E97-3583-4124-9DA2-5A9D6D981679}.Debug|x64.ActiveCfg = Debug|Any CPU
		{875F3E97-3583-4124-9DA2-5A9D6D981679}.Debug|x64.Build.0 = Debug|Any CPU
		{875F3E97-3583-4124-9DA2-5A9D6D981679}.Debug|x86.ActiveCfg = Debug|Any CPU
		{875F3E97-3583-4124-9DA2-5A9D6D981679}.Debug|x86.Build.0 = Debug|Any CPU
		{875F3E97-3583-4124-9DA2-5A9D6D981679}.Release|Any CPU.ActiveCfg = Release|Any CPU
		{875F3E97-3583-4124-9DA2-5A9D6D981679}.Release|Any CPU.Build.0 = Release|Any CPU
		{875F3E97-3583-4124-9DA2-5A9D6D981679}.Release|x64.ActiveCfg = Release|Any CPU
		{875F3E97-3583-4124-9DA2-5A9D6D981679}.Release|x64.Build.0 = Release|Any CPU
		{875F3E97-3583-4124-9DA2-5A9D6D981679}.Release|x86.ActiveCfg = Release|Any CPU
		{875F3E97-3583-4124-9DA2-5A9D6D981679}.Release|x86.Build.0 = Release|Any CPU
	EndGlobalSection
	GlobalSection(SolutionProperties) = preSolution
		HideSolutionNode = FALSE
	EndGlobalSection
	GlobalSection(ExtensibilityGlobals) = postSolution
		SolutionGuid = {0D8DE9EA-6D59-439A-9EED-753AF0F03F83}
	EndGlobalSection
EndGlobal